{
  "name": "JASS",
  "version": "0.0.1",
  "lockfileVersion": 1,
  "requires": true,
  "dependencies": {
    "antlr4": {
      "version": "4.7.0",
      "resolved": "https://registry.npmjs.org/antlr4/-/antlr4-4.7.0.tgz",
      "integrity": "sha1-KX+VbdwG+DOX/AmQ7PLgzyC/u+4="
    },
    "antlr4-c3": {
      "version": "1.1.2",
      "resolved": "https://registry.npmjs.org/antlr4-c3/-/antlr4-c3-1.1.2.tgz",
      "integrity": "sha512-h47v7Ugomfre8G6qysobBF1IJttXR2uZW/1E8hLzlLJK4sWbExh13xOzp4xoJYWlFoQcWtNrjk6LyCYux+APmw==",
      "requires": {
        "antlr4ts": "0.4.0-burt.2"
      }
    },
    "antlr4ts": {
      "version": "0.4.0-burt.2",
      "resolved": "https://registry.npmjs.org/antlr4ts/-/antlr4ts-0.4.0-burt.2.tgz",
      "integrity": "sha1-scW9CkqmVrnp6vbJZs60WaPiTMY="
    }
  }
}
